// !$*UTF8*$!
{
	archiveVersion = 1;
	classes = {
	};
	objectVersion = 55;
	objects = {

/* Begin PBXBuildFile section */
		442F730627753B8F006D0991 /* Animations.swift in Sources */ = {isa = PBXBuildFile; fileRef = 442F730527753B8F006D0991 /* Animations.swift */; };
		442F730827759C01006D0991 /* Logging.swift in Sources */ = {isa = PBXBuildFile; fileRef = 442F730727759C00006D0991 /* Logging.swift */; };
		442F730A2775CF92006D0991 /* README.md in Resources */ = {isa = PBXBuildFile; fileRef = 442F73092775CF92006D0991 /* README.md */; };
		44C17D582773C947005E171A /* ClockController.swift in Sources */ = {isa = PBXBuildFile; fileRef = 44C17D572773C947005E171A /* ClockController.swift */; };
		44C17D5B2773D45C005E171A /* Extensions.swift in Sources */ = {isa = PBXBuildFile; fileRef = 44C17D5A2773D45C005E171A /* Extensions.swift */; };
		44E5F4FF2772BFA4007249E2 /* AppDelegate.swift in Sources */ = {isa = PBXBuildFile; fileRef = 44E5F4FE2772BFA4007249E2 /* AppDelegate.swift */; };
		44E5F5052772BFA4007249E2 /* ClockScene.swift in Sources */ = {isa = PBXBuildFile; fileRef = 44E5F5042772BFA4007249E2 /* ClockScene.swift */; };
		44E5F5072772BFA4007249E2 /* ViewController.swift in Sources */ = {isa = PBXBuildFile; fileRef = 44E5F5062772BFA4007249E2 /* ViewController.swift */; };
		44E5F5092772BFA6007249E2 /* Assets.xcassets in Resources */ = {isa = PBXBuildFile; fileRef = 44E5F5082772BFA6007249E2 /* Assets.xcassets */; };
		44E5F50C2772BFA6007249E2 /* Main.storyboard in Resources */ = {isa = PBXBuildFile; fileRef = 44E5F50A2772BFA6007249E2 /* Main.storyboard */; };
		44E5F5142772CB2D007249E2 /* ClockNode.swift in Sources */ = {isa = PBXBuildFile; fileRef = 44E5F5132772CB2D007249E2 /* ClockNode.swift */; };
		44E5F5162772CB87007249E2 /* Textures.swift in Sources */ = {isa = PBXBuildFile; fileRef = 44E5F5152772CB87007249E2 /* Textures.swift */; };
		44E5F5182772D315007249E2 /* ClusterNode.swift in Sources */ = {isa = PBXBuildFile; fileRef = 44E5F5172772D315007249E2 /* ClusterNode.swift */; };
/* End PBXBuildFile section */

/* Begin PBXFileReference section */
		442F730527753B8F006D0991 /* Animations.swift */ = {isa = PBXFileReference; lastKnownFileType = sourcecode.swift; path = Animations.swift; sourceTree = "<group>"; };
		442F730727759C00006D0991 /* Logging.swift */ = {isa = PBXFileReference; fileEncoding = 4; lastKnownFileType = sourcecode.swift; path = Logging.swift; sourceTree = "<group>"; };
		442F73092775CF92006D0991 /* README.md */ = {isa = PBXFileReference; fileEncoding = 4; lastKnownFileType = net.daringfireball.markdown; path = README.md; sourceTree = "<group>"; };
		44C17D572773C947005E171A /* ClockController.swift */ = {isa = PBXFileReference; lastKnownFileType = sourcecode.swift; path = ClockController.swift; sourceTree = "<group>"; };
		44C17D592773CD48005E171A /* .gitignore */ = {isa = PBXFileReference; lastKnownFileType = text; path = .gitignore; sourceTree = "<group>"; };
		44C17D5A2773D45C005E171A /* Extensions.swift */ = {isa = PBXFileReference; lastKnownFileType = sourcecode.swift; path = Extensions.swift; sourceTree = "<group>"; };
		44E5F4FB2772BFA4007249E2 /* MultiClock macOS.app */ = {isa = PBXFileReference; explicitFileType = wrapper.application; includeInIndex = 0; path = "MultiClock macOS.app"; sourceTree = BUILT_PRODUCTS_DIR; };
		44E5F4FE2772BFA4007249E2 /* AppDelegate.swift */ = {isa = PBXFileReference; lastKnownFileType = sourcecode.swift; path = AppDelegate.swift; sourceTree = "<group>"; };
		44E5F5042772BFA4007249E2 /* ClockScene.swift */ = {isa = PBXFileReference; lastKnownFileType = sourcecode.swift; path = ClockScene.swift; sourceTree = "<group>"; };
		44E5F5062772BFA4007249E2 /* ViewController.swift */ = {isa = PBXFileReference; lastKnownFileType = sourcecode.swift; path = ViewController.swift; sourceTree = "<group>"; };
		44E5F5082772BFA6007249E2 /* Assets.xcassets */ = {isa = PBXFileReference; lastKnownFileType = folder.assetcatalog; path = Assets.xcassets; sourceTree = "<group>"; };
		44E5F50B2772BFA6007249E2 /* Base */ = {isa = PBXFileReference; lastKnownFileType = file.storyboard; name = Base; path = Base.lproj/Main.storyboard; sourceTree = "<group>"; };
		44E5F50D2772BFA6007249E2 /* MultiClock.entitlements */ = {isa = PBXFileReference; lastKnownFileType = text.plist.entitlements; path = MultiClock.entitlements; sourceTree = "<group>"; };
		44E5F5132772CB2D007249E2 /* ClockNode.swift */ = {isa = PBXFileReference; lastKnownFileType = sourcecode.swift; path = ClockNode.swift; sourceTree = "<group>"; };
		44E5F5152772CB87007249E2 /* Textures.swift */ = {isa = PBXFileReference; lastKnownFileType = sourcecode.swift; path = Textures.swift; sourceTree = "<group>"; };
		44E5F5172772D315007249E2 /* ClusterNode.swift */ = {isa = PBXFileReference; lastKnownFileType = sourcecode.swift; path = ClusterNode.swift; sourceTree = "<group>"; };
/* End PBXFileReference section */

/* Begin PBXFrameworksBuildPhase section */
		44E5F4F82772BFA4007249E2 /* Frameworks */ = {
			isa = PBXFrameworksBuildPhase;
			buildActionMask = 2147483647;
			files = (
			);
			runOnlyForDeploymentPostprocessing = 0;
		};
/* End PBXFrameworksBuildPhase section */

/* Begin PBXGroup section */
		442F730B27767D6F006D0991 /* Shared */ = {
			isa = PBXGroup;
			children = (
				442F730527753B8F006D0991 /* Animations.swift */,
				44C17D572773C947005E171A /* ClockController.swift */,
				44E5F5042772BFA4007249E2 /* ClockScene.swift */,
				442F730D27767E17006D0991 /* Nodes */,
				442F730C27767DAD006D0991 /* Utilities */,
			);
			path = Shared;
			sourceTree = "<group>";
		};
		442F730C27767DAD006D0991 /* Utilities */ = {
			isa = PBXGroup;
			children = (
				44E5F5152772CB87007249E2 /* Textures.swift */,
				44C17D5A2773D45C005E171A /* Extensions.swift */,
				442F730727759C00006D0991 /* Logging.swift */,
			);
			path = Utilities;
			sourceTree = "<group>";
		};
		442F730D27767E17006D0991 /* Nodes */ = {
			isa = PBXGroup;
			children = (
				44E5F5082772BFA6007249E2 /* Assets.xcassets */,
				44E5F5132772CB2D007249E2 /* ClockNode.swift */,
				44E5F5172772D315007249E2 /* ClusterNode.swift */,
			);
			path = Nodes;
			sourceTree = "<group>";
		};
		44E5F4F22772BFA4007249E2 = {
			isa = PBXGroup;
			children = (
				442F73092775CF92006D0991 /* README.md */,
				442F730B27767D6F006D0991 /* Shared */,
				44E5F4FD2772BFA4007249E2 /* macOS */,
				44C17D592773CD48005E171A /* .gitignore */,
				44E5F4FC2772BFA4007249E2 /* Products */,
			);
			sourceTree = "<group>";
		};
		44E5F4FC2772BFA4007249E2 /* Products */ = {
			isa = PBXGroup;
			children = (
				44E5F4FB2772BFA4007249E2 /* MultiClock macOS.app */,
			);
			name = Products;
			sourceTree = "<group>";
		};
		44E5F4FD2772BFA4007249E2 /* macOS */ = {
			isa = PBXGroup;
			children = (
				44E5F4FE2772BFA4007249E2 /* AppDelegate.swift */,
				44E5F5062772BFA4007249E2 /* ViewController.swift */,
				44E5F50A2772BFA6007249E2 /* Main.storyboard */,
				44E5F50D2772BFA6007249E2 /* MultiClock.entitlements */,
			);
			path = macOS;
			sourceTree = "<group>";
		};
/* End PBXGroup section */

/* Begin PBXNativeTarget section */
		44E5F4FA2772BFA4007249E2 /* macOS */ = {
			isa = PBXNativeTarget;
			buildConfigurationList = 44E5F5102772BFA6007249E2 /* Build configuration list for PBXNativeTarget "macOS" */;
			buildPhases = (
				44E5F4F72772BFA4007249E2 /* Sources */,
				44E5F4F82772BFA4007249E2 /* Frameworks */,
				44E5F4F92772BFA4007249E2 /* Resources */,
			);
			buildRules = (
			);
			dependencies = (
			);
			name = macOS;
			productName = MultiClockSaver;
			productReference = 44E5F4FB2772BFA4007249E2 /* MultiClock macOS.app */;
			productType = "com.apple.product-type.application";
		};
/* End PBXNativeTarget section */

/* Begin PBXProject section */
		44E5F4F32772BFA4007249E2 /* Project object */ = {
			isa = PBXProject;
			attributes = {
				BuildIndependentTargetsInParallel = 1;
				LastSwiftUpdateCheck = 1320;
				LastUpgradeCheck = 1320;
				TargetAttributes = {
					44E5F4FA2772BFA4007249E2 = {
						CreatedOnToolsVersion = 13.2.1;
					};
				};
			};
			buildConfigurationList = 44E5F4F62772BFA4007249E2 /* Build configuration list for PBXProject "MultiClock" */;
			compatibilityVersion = "Xcode 13.0";
			developmentRegion = en;
			hasScannedForEncodings = 0;
			knownRegions = (
				en,
				Base,
			);
			mainGroup = 44E5F4F22772BFA4007249E2;
			productRefGroup = 44E5F4FC2772BFA4007249E2 /* Products */;
			projectDirPath = "";
			projectRoot = "";
			targets = (
				44E5F4FA2772BFA4007249E2 /* macOS */,
			);
		};
/* End PBXProject section */

/* Begin PBXResourcesBuildPhase section */
		44E5F4F92772BFA4007249E2 /* Resources */ = {
			isa = PBXResourcesBuildPhase;
			buildActionMask = 2147483647;
			files = (
				442F730A2775CF92006D0991 /* README.md in Resources */,
				44E5F5092772BFA6007249E2 /* Assets.xcassets in Resources */,
				44E5F50C2772BFA6007249E2 /* Main.storyboard in Resources */,
			);
			runOnlyForDeploymentPostprocessing = 0;
		};
/* End PBXResourcesBuildPhase section */

/* Begin PBXSourcesBuildPhase section */
		44E5F4F72772BFA4007249E2 /* Sources */ = {
			isa = PBXSourcesBuildPhase;
			buildActionMask = 2147483647;
			files = (
				44E5F5142772CB2D007249E2 /* ClockNode.swift in Sources */,
				442F730827759C01006D0991 /* Logging.swift in Sources */,
				44E5F5162772CB87007249E2 /* Textures.swift in Sources */,
				44E5F5072772BFA4007249E2 /* ViewController.swift in Sources */,
				442F730627753B8F006D0991 /* Animations.swift in Sources */,
				44C17D5B2773D45C005E171A /* Extensions.swift in Sources */,
				44E5F5182772D315007249E2 /* ClusterNode.swift in Sources */,
				44C17D582773C947005E171A /* ClockController.swift in Sources */,
				44E5F5052772BFA4007249E2 /* ClockScene.swift in Sources */,
				44E5F4FF2772BFA4007249E2 /* AppDelegate.swift in Sources */,
			);
			runOnlyForDeploymentPostprocessing = 0;
		};
/* End PBXSourcesBuildPhase section */

/* Begin PBXVariantGroup section */
		44E5F50A2772BFA6007249E2 /* Main.storyboard */ = {
			isa = PBXVariantGroup;
			children = (
				44E5F50B2772BFA6007249E2 /* Base */,
			);
			name = Main.storyboard;
			sourceTree = "<group>";
		};
/* End PBXVariantGroup section */

/* Begin XCBuildConfiguration section */
		44E5F50E2772BFA6007249E2 /* Debug */ = {
			isa = XCBuildConfiguration;
			buildSettings = {
				ALWAYS_SEARCH_USER_PATHS = NO;
				CLANG_ANALYZER_NONNULL = YES;
				CLANG_ANALYZER_NUMBER_OBJECT_CONVERSION = YES_AGGRESSIVE;
				CLANG_CXX_LANGUAGE_STANDARD = "gnu++17";
				CLANG_CXX_LIBRARY = "libc++";
				CLANG_ENABLE_MODULES = YES;
				CLANG_ENABLE_OBJC_ARC = YES;
				CLANG_ENABLE_OBJC_WEAK = YES;
				CLANG_WARN_BLOCK_CAPTURE_AUTORELEASING = YES;
				CLANG_WARN_BOOL_CONVERSION = YES;
				CLANG_WARN_COMMA = YES;
				CLANG_WARN_CONSTANT_CONVERSION = YES;
				CLANG_WARN_DEPRECATED_OBJC_IMPLEMENTATIONS = YES;
				CLANG_WARN_DIRECT_OBJC_ISA_USAGE = YES_ERROR;
				CLANG_WARN_DOCUMENTATION_COMMENTS = YES;
				CLANG_WARN_EMPTY_BODY = YES;
				CLANG_WARN_ENUM_CONVERSION = YES;
				CLANG_WARN_INFINITE_RECURSION = YES;
				CLANG_WARN_INT_CONVERSION = YES;
				CLANG_WARN_NON_LITERAL_NULL_CONVERSION = YES;
				CLANG_WARN_OBJC_IMPLICIT_RETAIN_SELF = YES;
				CLANG_WARN_OBJC_LITERAL_CONVERSION = YES;
				CLANG_WARN_OBJC_ROOT_CLASS = YES_ERROR;
				CLANG_WARN_QUOTED_INCLUDE_IN_FRAMEWORK_HEADER = YES;
				CLANG_WARN_RANGE_LOOP_ANALYSIS = YES;
				CLANG_WARN_STRICT_PROTOTYPES = YES;
				CLANG_WARN_SUSPICIOUS_MOVE = YES;
				CLANG_WARN_UNGUARDED_AVAILABILITY = YES_AGGRESSIVE;
				CLANG_WARN_UNREACHABLE_CODE = YES;
				CLANG_WARN__DUPLICATE_METHOD_MATCH = YES;
				COPY_PHASE_STRIP = NO;
				DEBUG_INFORMATION_FORMAT = dwarf;
				ENABLE_STRICT_OBJC_MSGSEND = YES;
				ENABLE_TESTABILITY = YES;
				GCC_C_LANGUAGE_STANDARD = gnu11;
				GCC_DYNAMIC_NO_PIC = NO;
				GCC_NO_COMMON_BLOCKS = YES;
				GCC_OPTIMIZATION_LEVEL = 0;
				GCC_PREPROCESSOR_DEFINITIONS = (
					"DEBUG=1",
					"$(inherited)",
				);
				GCC_WARN_64_TO_32_BIT_CONVERSION = YES;
				GCC_WARN_ABOUT_RETURN_TYPE = YES_ERROR;
				GCC_WARN_UNDECLARED_SELECTOR = YES;
				GCC_WARN_UNINITIALIZED_AUTOS = YES_AGGRESSIVE;
				GCC_WARN_UNUSED_FUNCTION = YES;
				GCC_WARN_UNUSED_VARIABLE = YES;
				MACOSX_DEPLOYMENT_TARGET = 12.1;
				MTL_ENABLE_DEBUG_INFO = INCLUDE_SOURCE;
				MTL_FAST_MATH = YES;
				ONLY_ACTIVE_ARCH = YES;
				SDKROOT = macosx;
				SWIFT_ACTIVE_COMPILATION_CONDITIONS = DEBUG;
				SWIFT_OPTIMIZATION_LEVEL = "-Onone";
			};
			name = Debug;
		};
		44E5F50F2772BFA6007249E2 /* Release */ = {
			isa = XCBuildConfiguration;
			buildSettings = {
				ALWAYS_SEARCH_USER_PATHS = NO;
				CLANG_ANALYZER_NONNULL = YES;
				CLANG_ANALYZER_NUMBER_OBJECT_CONVERSION = YES_AGGRESSIVE;
				CLANG_CXX_LANGUAGE_STANDARD = "gnu++17";
				CLANG_CXX_LIBRARY = "libc++";
				CLANG_ENABLE_MODULES = YES;
				CLANG_ENABLE_OBJC_ARC = YES;
				CLANG_ENABLE_OBJC_WEAK = YES;
				CLANG_WARN_BLOCK_CAPTURE_AUTORELEASING = YES;
				CLANG_WARN_BOOL_CONVERSION = YES;
				CLANG_WARN_COMMA = YES;
				CLANG_WARN_CONSTANT_CONVERSION = YES;
				CLANG_WARN_DEPRECATED_OBJC_IMPLEMENTATIONS = YES;
				CLANG_WARN_DIRECT_OBJC_ISA_USAGE = YES_ERROR;
				CLANG_WARN_DOCUMENTATION_COMMENTS = YES;
				CLANG_WARN_EMPTY_BODY = YES;
				CLANG_WARN_ENUM_CONVERSION = YES;
				CLANG_WARN_INFINITE_RECURSION = YES;
				CLANG_WARN_INT_CONVERSION = YES;
				CLANG_WARN_NON_LITERAL_NULL_CONVERSION = YES;
				CLANG_WARN_OBJC_IMPLICIT_RETAIN_SELF = YES;
				CLANG_WARN_OBJC_LITERAL_CONVERSION = YES;
				CLANG_WARN_OBJC_ROOT_CLASS = YES_ERROR;
				CLANG_WARN_QUOTED_INCLUDE_IN_FRAMEWORK_HEADER = YES;
				CLANG_WARN_RANGE_LOOP_ANALYSIS = YES;
				CLANG_WARN_STRICT_PROTOTYPES = YES;
				CLANG_WARN_SUSPICIOUS_MOVE = YES;
				CLANG_WARN_UNGUARDED_AVAILABILITY = YES_AGGRESSIVE;
				CLANG_WARN_UNREACHABLE_CODE = YES;
				CLANG_WARN__DUPLICATE_METHOD_MATCH = YES;
				COPY_PHASE_STRIP = NO;
				DEBUG_INFORMATION_FORMAT = "dwarf-with-dsym";
				ENABLE_NS_ASSERTIONS = NO;
				ENABLE_STRICT_OBJC_MSGSEND = YES;
				GCC_C_LANGUAGE_STANDARD = gnu11;
				GCC_NO_COMMON_BLOCKS = YES;
				GCC_WARN_64_TO_32_BIT_CONVERSION = YES;
				GCC_WARN_ABOUT_RETURN_TYPE = YES_ERROR;
				GCC_WARN_UNDECLARED_SELECTOR = YES;
				GCC_WARN_UNINITIALIZED_AUTOS = YES_AGGRESSIVE;
				GCC_WARN_UNUSED_FUNCTION = YES;
				GCC_WARN_UNUSED_VARIABLE = YES;
				MACOSX_DEPLOYMENT_TARGET = 12.1;
				MTL_ENABLE_DEBUG_INFO = NO;
				MTL_FAST_MATH = YES;
				SDKROOT = macosx;
				SWIFT_COMPILATION_MODE = wholemodule;
				SWIFT_OPTIMIZATION_LEVEL = "-O";
			};
			name = Release;
		};
		44E5F5112772BFA6007249E2 /* Debug */ = {
			isa = XCBuildConfiguration;
			buildSettings = {
				ASSETCATALOG_COMPILER_APPICON_NAME = AppIcon;
				ASSETCATALOG_COMPILER_GLOBAL_ACCENT_COLOR_NAME = AccentColor;
				CODE_SIGN_ENTITLEMENTS = macOS/MultiClock.entitlements;
				CODE_SIGN_STYLE = Automatic;
				COMBINE_HIDPI_IMAGES = YES;
				CURRENT_PROJECT_VERSION = 1;
				DEVELOPMENT_TEAM = 2Y9M69QJKZ;
				ENABLE_HARDENED_RUNTIME = YES;
				GENERATE_INFOPLIST_FILE = YES;
				INFOPLIST_KEY_LSApplicationCategoryType = "public.app-category.utilities";
				INFOPLIST_KEY_NSHumanReadableCopyright = "";
				INFOPLIST_KEY_NSMainStoryboardFile = Main;
				INFOPLIST_KEY_NSPrincipalClass = NSApplication;
				LD_RUNPATH_SEARCH_PATHS = (
					"$(inherited)",
					"@executable_path/../Frameworks",
				);
				MARKETING_VERSION = 1.0;
				PRODUCT_BUNDLE_IDENTIFIER = net.amiantos.MultiClockSaver;
				PRODUCT_NAME = "MultiClock macOS";
				SWIFT_EMIT_LOC_STRINGS = YES;
				SWIFT_VERSION = 5.0;
			};
			name = Debug;
		};
		44E5F5122772BFA6007249E2 /* Release */ = {
			isa = XCBuildConfiguration;
			buildSettings = {
				ASSETCATALOG_COMPILER_APPICON_NAME = AppIcon;
				ASSETCATALOG_COMPILER_GLOBAL_ACCENT_COLOR_NAME = AccentColor;
				CODE_SIGN_ENTITLEMENTS = macOS/MultiClock.entitlements;
				CODE_SIGN_STYLE = Automatic;
				COMBINE_HIDPI_IMAGES = YES;
				CURRENT_PROJECT_VERSION = 1;
				DEVELOPMENT_TEAM = 2Y9M69QJKZ;
				ENABLE_HARDENED_RUNTIME = YES;
				GENERATE_INFOPLIST_FILE = YES;
				INFOPLIST_KEY_LSApplicationCategoryType = "public.app-category.utilities";
				INFOPLIST_KEY_NSHumanReadableCopyright = "";
				INFOPLIST_KEY_NSMainStoryboardFile = Main;
				INFOPLIST_KEY_NSPrincipalClass = NSApplication;
				LD_RUNPATH_SEARCH_PATHS = (
					"$(inherited)",
					"@executable_path/../Frameworks",
				);
				MARKETING_VERSION = 1.0;
				PRODUCT_BUNDLE_IDENTIFIER = net.amiantos.MultiClockSaver;
				PRODUCT_NAME = "MultiClock macOS";
				SWIFT_EMIT_LOC_STRINGS = YES;
				SWIFT_VERSION = 5.0;
			};
			name = Release;
		};
/* End XCBuildConfiguration section */

/* Begin XCConfigurationList section */
		44E5F4F62772BFA4007249E2 /* Build configuration list for PBXProject "MultiClock" */ = {
			isa = XCConfigurationList;
			buildConfigurations = (
				44E5F50E2772BFA6007249E2 /* Debug */,
				44E5F50F2772BFA6007249E2 /* Release */,
			);
			defaultConfigurationIsVisible = 0;
			defaultConfigurationName = Release;
		};
		44E5F5102772BFA6007249E2 /* Build configuration list for PBXNativeTarget "macOS" */ = {
			isa = XCConfigurationList;
			buildConfigurations = (
				44E5F5112772BFA6007249E2 /* Debug */,
				44E5F5122772BFA6007249E2 /* Release */,
			);
			defaultConfigurationIsVisible = 0;
			defaultConfigurationName = Release;
		};
/* End XCConfigurationList section */
	};
	rootObject = 44E5F4F32772BFA4007249E2 /* Project object */;
}
